
Microsoft Visual Studio Solution File, Format Version 12.00
# Visual Studio Version 17
VisualStudioVersion = 17.0.31903.59
MinimumVisualStudioVersion = 10.0.40219.1
Project("{2150E333-8FDC-42A3-9474-1A3956D46DE8}") = "src", "src", "{827E0CD3-B72D-47B6-A68D-7590B98EB39B}"
EndProject
Project("{FAE04EC0-301F-11D3-BF4B-00C04F79EFBC}") = "BEngine.Player", "src\BEngine.Player\BEngine.Player.csproj", "{82F2CCA9-DC52-43C3-93D1-193C8640BA62}"
EndProject
Project("{FAE04EC0-301F-11D3-BF4B-00C04F79EFBC}") = "BEngine.Editor", "src\BEngine.Editor\BEngine.Editor.csproj", "{5E592BFA-020A-4C93-9CD8-90AAE92A60D6}"
EndProject
Project("{FAE04EC0-301F-11D3-BF4B-00C04F79EFBC}") = "BEngine.Launcher", "src\BEngine.Launcher\BEngine.Launcher.csproj", "{5256C9C5-AD8C-4BEF-9FFB-A751B22C2286}"
EndProject
Project("{FAE04EC0-301F-11D3-BF4B-00C04F79EFBC}") = "BEngine", "src\BEngine\BEngine.csproj", "{48794D92-E601-4812-8ADE-A6B9754E7949}"
EndProject
Global
	GlobalSection(SolutionConfigurationPlatforms) = preSolution
		Debug|Any CPU = Debug|Any CPU
		Debug|x64 = Debug|x64
		Debug|x86 = Debug|x86
		Release|Any CPU = Release|Any CPU
		Release|x64 = Release|x64
		Release|x86 = Release|x86
	EndGlobalSection
	GlobalSection(ProjectConfigurationPlatforms) = postSolution
		{82F2CCA9-DC52-43C3-93D1-193C8640BA62}.Debug|Any CPU.ActiveCfg = Debug|Any CPU
		{82F2CCA9-DC52-43C3-93D1-193C8640BA62}.Debug|Any CPU.Build.0 = Debug|Any CPU
		{82F2CCA9-DC52-43C3-93D1-193C8640BA62}.Debug|x64.ActiveCfg = Debug|Any CPU
		{82F2CCA9-DC52-43C3-93D1-193C8640BA62}.Debug|x64.Build.0 = Debug|Any CPU
		{82F2CCA9-DC52-43C3-93D1-193C8640BA62}.Debug|x86.ActiveCfg = Debug|Any CPU
		{82F2CCA9-DC52-43C3-93D1-193C8640BA62}.Debug|x86.Build.0 = Debug|Any CPU
		{82F2CCA9-DC52-43C3-93D1-193C8640BA62}.Release|Any CPU.ActiveCfg = Release|Any CPU
		{82F2CCA9-DC52-43C3-93D1-193C8640BA62}.Release|Any CPU.Build.0 = Release|Any CPU
		{82F2CCA9-DC52-43C3-93D1-193C8640BA62}.Release|x64.ActiveCfg = Release|Any CPU
		{82F2CCA9-DC52-43C3-93D1-193C8640BA62}.Release|x64.Build.0 = Release|Any CPU
		{82F2CCA9-DC52-43C3-93D1-193C8640BA62}.Release|x86.ActiveCfg = Release|Any CPU
		{82F2CCA9-DC52-43C3-93D1-193C8640BA62}.Release|x86.Build.0 = Release|Any CPU
		{5E592BFA-020A-4C93-9CD8-90AAE92A60D6}.Debug|Any CPU.ActiveCfg = Debug|Any CPU
		{5E592BFA-020A-4C93-9CD8-90AAE92A60D6}.Debug|Any CPU.Build.0 = Debug|Any CPU
		{5E592BFA-020A-4C93-9CD8-90AAE92A60D6}.Debug|x64.ActiveCfg = Debug|Any CPU
		{5E592BFA-020A-4C93-9CD8-90AAE92A60D6}.Debug|x64.Build.0 = Debug|Any CPU
		{5E592BFA-020A-4C93-9CD8-90AAE92A60D6}.Debug|x86.ActiveCfg = Debug|Any CPU
		{5E592BFA-020A-4C93-9CD8-90AAE92A60D6}.Debug|x86.Build.0 = Debug|Any CPU
		{5E592BFA-020A-4C93-9CD8-90AAE92A60D6}.Release|Any CPU.ActiveCfg = Release|Any CPU
		{5E592BFA-020A-4C93-9CD8-90AAE92A60D6}.Release|Any CPU.Build.0 = Release|Any CPU
		{5E592BFA-020A-4C93-9CD8-90AAE92A60D6}.Release|x64.ActiveCfg = Release|Any CPU
		{5E592BFA-020A-4C93-9CD8-90AAE92A60D6}.Release|x64.Build.0 = Release|Any CPU
		{5E592BFA-020A-4C93-9CD8-90AAE92A60D6}.Release|x86.ActiveCfg = Release|Any CPU
		{5E592BFA-020A-4C93-9CD8-90AAE92A60D6}.Release|x86.Build.0 = Release|Any CPU
		{5256C9C5-AD8C-4BEF-9FFB-A751B22C2286}.Debug|Any CPU.ActiveCfg = Debug|Any CPU
		{5256C9C5-AD8C-4BEF-9FFB-A751B22C2286}.Debug|Any CPU.Build.0 = Debug|Any CPU
		{5256C9C5-AD8C-4BEF-9FFB-A751B22C2286}.Debug|x64.ActiveCfg = Debug|Any CPU
		{5256C9C5-AD8C-4BEF-9FFB-A751B22C2286}.Debug|x64.Build.0 = Debug|Any CPU
		{5256C9C5-AD8C-4BEF-9FFB-A751B22C2286}.Debug|x86.ActiveCfg = Debug|Any CPU
		{5256C9C5-AD8C-4BEF-9FFB-A751B22C2286}.Debug|x86.Build.0 = Debug|Any CPU
		{5256C9C5-AD8C-4BEF-9FFB-A751B22C2286}.Release|Any CPU.ActiveCfg = Release|Any CPU
		{5256C9C5-AD8C-4BEF-9FFB-A751B22C2286}.Release|Any CPU.Build.0 = Release|Any CPU
		{5256C9C5-AD8C-4BEF-9FFB-A751B22C2286}.Release|x64.ActiveCfg = Release|Any CPU
		{5256C9C5-AD8C-4BEF-9FFB-A751B22C2286}.Release|x64.Build.0 = Release|Any CPU
		{5256C9C5-AD8C-4BEF-9FFB-A751B22C2286}.Release|x86.ActiveCfg = Release|Any CPU
		{5256C9C5-AD8C-4BEF-9FFB-A751B22C2286}.Release|x86.Build.0 = Release|Any CPU
		{48794D92-E601-4812-8ADE-A6B9754E7949}.Debug|Any CPU.ActiveCfg = Debug|Any CPU
		{48794D92-E601-4812-8ADE-A6B9754E7949}.Debug|Any CPU.Build.0 = Debug|Any CPU
		{48794D92-E601-4812-8ADE-A6B9754E7949}.Debug|x64.ActiveCfg = Debug|Any CPU
		{48794D92-E601-4812-8ADE-A6B9754E7949}.Debug|x64.Build.0 = Debug|Any CPU
		{48794D92-E601-4812-8ADE-A6B9754E7949}.Debug|x86.ActiveCfg = Debug|Any CPU
		{48794D92-E601-4812-8ADE-A6B9754E7949}.Debug|x86.Build.0 = Debug|Any CPU
		{48794D92-E601-4812-8ADE-A6B9754E7949}.Release|Any CPU.ActiveCfg = Release|Any CPU
		{48794D92-E601-4812-8ADE-A6B9754E7949}.Release|Any CPU.Build.0 = Release|Any CPU
		{48794D92-E601-4812-8ADE-A6B9754E7949}.Release|x64.ActiveCfg = Release|Any CPU
		{48794D92-E601-4812-8ADE-A6B9754E7949}.Release|x64.Build.0 = Release|Any CPU
		{48794D92-E601-4812-8ADE-A6B9754E7949}.Release|x86.ActiveCfg = Release|Any CPU
		{48794D92-E601-4812-8ADE-A6B9754E7949}.Release|x86.Build.0 = Release|Any CPU
	EndGlobalSection
	GlobalSection(SolutionProperties) = preSolution
		HideSolutionNode = FALSE
	EndGlobalSection
	GlobalSection(NestedProjects) = preSolution
		{82F2CCA9-DC52-43C3-93D1-193C8640BA62} = {827E0CD3-B72D-47B6-A68D-7590B98EB39B}
		{5E592BFA-020A-4C93-9CD8-90AAE92A60D6} = {827E0CD3-B72D-47B6-A68D-7590B98EB39B}
		{5256C9C5-AD8C-4BEF-9FFB-A751B22C2286} = {827E0CD3-B72D-47B6-A68D-7590B98EB39B}
		{48794D92-E601-4812-8ADE-A6B9754E7949} = {827E0CD3-B72D-47B6-A68D-7590B98EB39B}
	EndGlobalSection
EndGlobal
