Microsoft Visual Studio Solution File, Format Version 12.00
# Visual Studio Version 18
VisualStudioVersion = 18.0.0.0
MinimumVisualStudioVersion = 18.0.0.0
Project("{2150E333-8FDC-42A3-9474-1A3956D46DE8}") = "Core", "Core", "{CD1B5D5A-B6D1-43FC-A25E-879FA641616B}"
EndProject
Project("{2150E333-8FDC-42A3-9474-1A3956D46DE8}") = "Resources", "Resources", "{743F2933-655E-4B11-9BCA-5B27724B7DE2}"
EndProject
Project("{2150E333-8FDC-42A3-9474-1A3956D46DE8}") = "EditorResources", "EditorResources", "{488E3C0A-547F-4B75-8CB1-B1C6F65961E9}"
	ProjectSection(SolutionItems) = preProject
		Core\EditorResources\Readme.md = Core\EditorResources\Readme.md
	EndProjectSection
EndProject
Project("{FAE04EC0-301F-11D3-BF4B-00C04F79EFBC}") = "BEngine", "Core\BEngine\BEngine.csproj", "{48794D92-E601-4812-8ADE-A6B9754E7949}"
EndProject
Project("{FAE04EC0-301F-11D3-BF4B-00C04F79EFBC}") = "BEngine.Editor", "Core\BEngine.Editor\BEngine.Editor.csproj", "{5E592BFA-020A-4C93-9CD8-90AAE92A60D6}"
EndProject
Project("{FAE04EC0-301F-11D3-BF4B-00C04F79EFBC}") = "BEngine.Launcher", "Core\BEngine.Launcher\BEngine.Launcher.csproj", "{5256C9C5-AD8C-4BEF-9FFB-A751B22C2286}"
EndProject
Project("{FAE04EC0-301F-11D3-BF4B-00C04F79EFBC}") = "BEngine.Player", "Core\BEngine.Player\BEngine.Player.csproj", "{82F2CCA9-DC52-43C3-93D1-193C8640BA62}"
EndProject
Project("{2150E333-8FDC-42A3-9474-1A3956D46DE8}") = "Animation", "Animation", "{19F1F373-D2F2-4749-D293-CBFA6DD8BB5A}"
	ProjectSection(SolutionItems) = preProject
		Packages\Animation\package.yaml = Packages\Animation\package.yaml
	EndProjectSection
EndProject
Project("{2150E333-8FDC-42A3-9474-1A3956D46DE8}") = "EditorResources", "EditorResources", "{630D02F4-9D33-472F-B17B-72DE06B796C6}"
	ProjectSection(SolutionItems) = preProject
		Packages\Animation\EditorResources\Animation.png = Packages\Animation\EditorResources\Animation.png
		Packages\Animation\EditorResources\Readme.md = Packages\Animation\EditorResources\Readme.md
	EndProjectSection
EndProject
Project("{FAE04EC0-301F-11D3-BF4B-00C04F79EFBC}") = "BEngine.Animation", "Packages\Animation\BEngine.Animation\BEngine.Animation.csproj", "{DD613E5F-BC20-455C-866A-3BCB0D6E0E85}"
EndProject
Project("{FAE04EC0-301F-11D3-BF4B-00C04F79EFBC}") = "BEngine.Animation.Editor", "Packages\Animation\BEngine.Animation.Editor\BEngine.Animation.Editor.csproj", "{D253D880-F9F4-43C9-BB36-735CA41CCB44}"
EndProject
Project("{2150E333-8FDC-42A3-9474-1A3956D46DE8}") = "Physics2D", "Physics2D", "{BAD34BFD-F3E4-1894-6299-B7234D1ED676}"
	ProjectSection(SolutionItems) = preProject
		Packages\Physics2D\package.yaml = Packages\Physics2D\package.yaml
	EndProjectSection
EndProject
Project("{2150E333-8FDC-42A3-9474-1A3956D46DE8}") = "EditorResources", "EditorResources", "{86DC3BFB-09B8-4649-80EC-66537826FA39}"
	ProjectSection(SolutionItems) = preProject
		Packages\Physics2D\EditorResources\Physics2D.png = Packages\Physics2D\EditorResources\Physics2D.png
		Packages\Physics2D\EditorResources\Readme.md = Packages\Physics2D\EditorResources\Readme.md
	EndProjectSection
EndProject
Project("{2150E333-8FDC-42A3-9474-1A3956D46DE8}") = "Navigation2D", "Navigation2D", "{0ECEAD53-1810-C10A-B502-49C453FB671F}"
	ProjectSection(SolutionItems) = preProject
		Packages\Navigation2D\package.yaml = Packages\Navigation2D\package.yaml
	EndProjectSection
EndProject
Project("{2150E333-8FDC-42A3-9474-1A3956D46DE8}") = "EditorResources", "EditorResources", "{1861E749-A6AC-4D3D-A13D-2917355CF8B8}"
	ProjectSection(SolutionItems) = preProject
		Packages\Navigation2D\EditorResources\Navigation2D.png = Packages\Navigation2D\EditorResources\Navigation2D.png
		Packages\Navigation2D\EditorResources\Readme.md = Packages\Navigation2D\EditorResources\Readme.md
	EndProjectSection
EndProject
Project("{2150E333-8FDC-42A3-9474-1A3956D46DE8}") = "PropertyAttributes", "PropertyAttributes", "{516113CF-3001-69AE-4CE3-FBA0BE8823AE}"
	ProjectSection(SolutionItems) = preProject
		Packages\PropertyAttributes\package.yaml = Packages\PropertyAttributes\package.yaml
	EndProjectSection
EndProject
Project("{2150E333-8FDC-42A3-9474-1A3956D46DE8}") = "EditorResources", "EditorResources", "{C8CF4F19-EFE8-4EDD-B71C-7F95D37142E9}"
	ProjectSection(SolutionItems) = preProject
		Packages\PropertyAttributes\EditorResources\Readme.md = Packages\PropertyAttributes\EditorResources\Readme.md
	EndProjectSection
EndProject
Project("{FAE04EC0-301F-11D3-BF4B-00C04F79EFBC}") = "BEngine.PropertyAttributes", "Packages\PropertyAttributes\BEngine.PropertyAttributes\BEngine.PropertyAttributes.csproj", "{D6CAAE35-2CFF-40A6-861B-672913F96735}"
EndProject
Project("{FAE04EC0-301F-11D3-BF4B-00C04F79EFBC}") = "BEngine.PropertyAttributes.Editor", "Packages\PropertyAttributes\BEngine.PropertyAttributes.Editor\BEngine.PropertyAttributes.Editor.csproj", "{F777EEB3-41D9-4500-96FF-312ED9A3E940}"
EndProject
Project("{2150E333-8FDC-42A3-9474-1A3956D46DE8}") = "UIElements", "UIElements", "{9E5A56CA-43C8-AA35-2CD1-64CE3FAE18F0}"
	ProjectSection(SolutionItems) = preProject
		Packages\UIElements\package.yaml = Packages\UIElements\package.yaml
	EndProjectSection
EndProject
Project("{2150E333-8FDC-42A3-9474-1A3956D46DE8}") = "Resources", "Resources", "{A85FF4AC-334A-4AA4-B064-D98676FC7B35}"
EndProject
Project("{2150E333-8FDC-42A3-9474-1A3956D46DE8}") = "EditorResources", "EditorResources", "{56DD6745-F632-48C3-953E-9B2880F1A52B}"
	ProjectSection(SolutionItems) = preProject
		Packages\UIElements\EditorResources\Readme.md = Packages\UIElements\EditorResources\Readme.md
	EndProjectSection
EndProject
Project("{FAE04EC0-301F-11D3-BF4B-00C04F79EFBC}") = "BEngine.UIElements", "Packages\UIElements\BEngine.UIElements\BEngine.UIElements.csproj", "{64ACEBA2-6741-4151-AA72-3F5E1B5A12BE}"
EndProject
Project("{FAE04EC0-301F-11D3-BF4B-00C04F79EFBC}") = "BEngine.UIElements.Editor", "Packages\UIElements\BEngine.UIElements.Editor\BEngine.UIElements.Editor.csproj", "{66B17977-3C35-4CEC-8C0B-03E54DED2B56}"
EndProject
Project("{FAE04EC0-301F-11D3-BF4B-00C04F79EFBC}") = "BEngine.Physics2D", "Packages\Physics2D\BEngine.Physics2D\BEngine.Physics2D.csproj", "{78BBB9FF-1B16-434D-A68E-B58B2F0E47EB}"
EndProject
Project("{FAE04EC0-301F-11D3-BF4B-00C04F79EFBC}") = "BEngine.Physics2D.Editor", "Packages\Physics2D\BEngine.Physics2D.Editor\BEngine.Physics2D.Editor.csproj", "{CAB4FC1C-7DE3-435B-8501-BD5BB1A22476}"
EndProject
Project("{FAE04EC0-301F-11D3-BF4B-00C04F79EFBC}") = "BEngine.Navigation2D", "Packages\Navigation2D\BEngine.Navigation2D\BEngine.Navigation2D.csproj", "{B1B3AD2E-418E-4687-8433-DEE096DC0B9C}"
EndProject
Project("{FAE04EC0-301F-11D3-BF4B-00C04F79EFBC}") = "BEngine.Navigation2D.Editor", "Packages\Navigation2D\BEngine.Navigation2D.Editor\BEngine.Navigation2D.Editor.csproj", "{3EC67D67-DF56-473E-AF25-690F609E78BA}"
EndProject
Project("{2150E333-8FDC-42A3-9474-1A3956D46DE8}") = "TiledMap", "TiledMap", "{1C4915DE-3783-A9F8-8766-D1562A68A3A4}"
	ProjectSection(SolutionItems) = preProject
		Packages\TiledMap\package.yaml = Packages\TiledMap\package.yaml
	EndProjectSection
EndProject
Project("{FAE04EC0-301F-11D3-BF4B-00C04F79EFBC}") = "BEngine.TiledMap", "Packages\TiledMap\BEngine.TiledMap\BEngine.TiledMap.csproj", "{9BE17F9D-0605-4FEA-B800-B71D73907315}"
EndProject
Project("{FAE04EC0-301F-11D3-BF4B-00C04F79EFBC}") = "BEngine.TiledMap.Editor", "Packages\TiledMap\BEngine.TiledMap.Editor\BEngine.TiledMap.Editor.csproj", "{CF5E9187-CF07-443D-AC63-6A45ED2713F8}"
EndProject
Project("{2150E333-8FDC-42A3-9474-1A3956D46DE8}") = "Resources", "Resources", "{B2EBBFD2-9AA9-9B9E-A8D3-450ACF6131FE}"
EndProject
Project("{2150E333-8FDC-42A3-9474-1A3956D46DE8}") = "EditorResources", "EditorResources", "{30A04AB9-384A-1436-2B1E-D432033FBDDF}"
	ProjectSection(SolutionItems) = preProject
		Packages\TiledMap\EditorResources\Readme.md = Packages\TiledMap\EditorResources\Readme.md
	EndProjectSection
EndProject
Project("{2150E333-8FDC-42A3-9474-1A3956D46DE8}") = "Packages", "Packages", "{14C09CB1-320C-46A0-97D8-C6B7ADBB9AB1}"
EndProject
Project("{2150E333-8FDC-42A3-9474-1A3956D46DE8}") = "Resources", "Resources", "{89A51FA3-106F-320F-C40B-FECCB34E7EB1}"
EndProject
Project("{2150E333-8FDC-42A3-9474-1A3956D46DE8}") = "Resources", "Resources", "{E3B66917-3241-3F00-5415-339B2A1F8A24}"
EndProject
Project("{2150E333-8FDC-42A3-9474-1A3956D46DE8}") = "Resources", "Resources", "{99D82B8E-E023-D6B7-A0BE-76A541408A33}"
EndProject
Project("{2150E333-8FDC-42A3-9474-1A3956D46DE8}") = "Resources", "Resources", "{BBC9ACF3-7518-A543-D9C1-10654DD99716}"
EndProject
Project("{2150E333-8FDC-42A3-9474-1A3956D46DE8}") = "Icons", "Core\Resources\Icons", "{C6823955-164D-FD45-1CB4-28C4BDA69813}"
	ProjectSection(SolutionItems) = preProject
		Core\Resources\Icons\BEngine.64.rgba = Core\Resources\Icons\BEngine.64.rgba
	EndProjectSection
EndProject
Project("{2150E333-8FDC-42A3-9474-1A3956D46DE8}") = "Shaders", "Core\Resources\Shaders", "{1ECC88FC-3DAC-03CB-49CF-92FCE5AC66F8}"
EndProject
Project("{2150E333-8FDC-42A3-9474-1A3956D46DE8}") = "IMGUI", "Core\Resources\Shaders\IMGUI", "{78CEB72C-CB5D-D808-C09B-F95EF2E01053}"
	ProjectSection(SolutionItems) = preProject
		Core\Resources\Shaders\IMGUI\Solid.direct3d.frag.hlsl = Core\Resources\Shaders\IMGUI\Solid.direct3d.frag.hlsl
		Core\Resources\Shaders\IMGUI\Solid.direct3d.vert.hlsl = Core\Resources\Shaders\IMGUI\Solid.direct3d.vert.hlsl
		Core\Resources\Shaders\IMGUI\Solid.opengl.frag.glsl = Core\Resources\Shaders\IMGUI\Solid.opengl.frag.glsl
		Core\Resources\Shaders\IMGUI\Solid.opengl.vert.glsl = Core\Resources\Shaders\IMGUI\Solid.opengl.vert.glsl
		Core\Resources\Shaders\IMGUI\Solid.vulkan.frag.glsl = Core\Resources\Shaders\IMGUI\Solid.vulkan.frag.glsl
		Core\Resources\Shaders\IMGUI\Solid.vulkan.vert.glsl = Core\Resources\Shaders\IMGUI\Solid.vulkan.vert.glsl
		Core\Resources\Shaders\IMGUI\Solid.webgpu.wgsl = Core\Resources\Shaders\IMGUI\Solid.webgpu.wgsl
		Core\Resources\Shaders\IMGUI\Textured.direct3d.frag.hlsl = Core\Resources\Shaders\IMGUI\Textured.direct3d.frag.hlsl
		Core\Resources\Shaders\IMGUI\Textured.direct3d.vert.hlsl = Core\Resources\Shaders\IMGUI\Textured.direct3d.vert.hlsl
		Core\Resources\Shaders\IMGUI\Textured.opengl.frag.glsl = Core\Resources\Shaders\IMGUI\Textured.opengl.frag.glsl
		Core\Resources\Shaders\IMGUI\Textured.opengl.vert.glsl = Core\Resources\Shaders\IMGUI\Textured.opengl.vert.glsl
		Core\Resources\Shaders\IMGUI\Textured.vulkan.frag.glsl = Core\Resources\Shaders\IMGUI\Textured.vulkan.frag.glsl
		Core\Resources\Shaders\IMGUI\Textured.vulkan.vert.glsl = Core\Resources\Shaders\IMGUI\Textured.vulkan.vert.glsl
		Core\Resources\Shaders\IMGUI\Textured.webgpu.wgsl = Core\Resources\Shaders\IMGUI\Textured.webgpu.wgsl
	EndProjectSection
EndProject
Project("{2150E333-8FDC-42A3-9474-1A3956D46DE8}") = "PortableScene", "Core\Resources\Shaders\PortableScene", "{5470AC1D-5254-4BD6-4AD6-FA21F229A052}"
	ProjectSection(SolutionItems) = preProject
		Core\Resources\Shaders\PortableScene\Solid.opengl.frag.glsl = Core\Resources\Shaders\PortableScene\Solid.opengl.frag.glsl
		Core\Resources\Shaders\PortableScene\Solid.opengl.vert.glsl = Core\Resources\Shaders\PortableScene\Solid.opengl.vert.glsl
		Core\Resources\Shaders\PortableScene\Solid.vulkan.frag.glsl = Core\Resources\Shaders\PortableScene\Solid.vulkan.frag.glsl
		Core\Resources\Shaders\PortableScene\Solid.vulkan.vert.glsl = Core\Resources\Shaders\PortableScene\Solid.vulkan.vert.glsl
		Core\Resources\Shaders\PortableScene\Textured.direct3d.frag.hlsl = Core\Resources\Shaders\PortableScene\Textured.direct3d.frag.hlsl
		Core\Resources\Shaders\PortableScene\Textured.direct3d.vert.hlsl = Core\Resources\Shaders\PortableScene\Textured.direct3d.vert.hlsl
		Core\Resources\Shaders\PortableScene\Textured.opengl.frag.glsl = Core\Resources\Shaders\PortableScene\Textured.opengl.frag.glsl
		Core\Resources\Shaders\PortableScene\Textured.opengl.vert.glsl = Core\Resources\Shaders\PortableScene\Textured.opengl.vert.glsl
		Core\Resources\Shaders\PortableScene\Textured.vulkan.frag.glsl = Core\Resources\Shaders\PortableScene\Textured.vulkan.frag.glsl
		Core\Resources\Shaders\PortableScene\Textured.vulkan.vert.glsl = Core\Resources\Shaders\PortableScene\Textured.vulkan.vert.glsl
		Core\Resources\Shaders\PortableScene\Textured.webgpu.wgsl = Core\Resources\Shaders\PortableScene\Textured.webgpu.wgsl
	EndProjectSection
EndProject
Project("{2150E333-8FDC-42A3-9474-1A3956D46DE8}") = "Scene", "Core\Resources\Shaders\Scene", "{51A648AF-6DE1-94E6-3D40-19F9320D3D91}"
EndProject
Project("{2150E333-8FDC-42A3-9474-1A3956D46DE8}") = "Doc", "Core\EditorResources\Doc", "{BF341920-9682-1D7A-C885-89CA8B6A107F}"
	ProjectSection(SolutionItems) = preProject
		Core\EditorResources\Doc\index.html = Core\EditorResources\Doc\index.html
	EndProjectSection
EndProject
Project("{2150E333-8FDC-42A3-9474-1A3956D46DE8}") = "images", "Core\EditorResources\Doc\images", "{665DAD7C-277E-B99E-CBE4-AF1309D3E049}"
	ProjectSection(SolutionItems) = preProject
		Core\EditorResources\Doc\images\overview.png = Core\EditorResources\Doc\images\overview.png
	EndProjectSection
EndProject
Project("{2150E333-8FDC-42A3-9474-1A3956D46DE8}") = "Examples", "Core\EditorResources\Examples", "{E1C460E6-8867-557E-8674-56163A66A153}"
	ProjectSection(SolutionItems) = preProject
		Core\EditorResources\Examples\CoreGettingStarted.bpackage = Core\EditorResources\Examples\CoreGettingStarted.bpackage
	EndProjectSection
EndProject
Project("{2150E333-8FDC-42A3-9474-1A3956D46DE8}") = "Icons", "Core\EditorResources\Icons", "{91B5755B-1E62-2531-191D-48DBD8E2E9BA}"
	ProjectSection(SolutionItems) = preProject
		Core\EditorResources\Icons\BEngine.ico = Core\EditorResources\Icons\BEngine.ico
		Core\EditorResources\Icons\BEngine.png = Core\EditorResources\Icons\BEngine.png
	EndProjectSection
EndProject
Project("{2150E333-8FDC-42A3-9474-1A3956D46DE8}") = "Assets", "Core\EditorResources\Icons\Assets", "{BC9B6BBC-0299-C4FB-E46E-82706909670D}"
	ProjectSection(SolutionItems) = preProject
		Core\EditorResources\Icons\Assets\AssetAnimation.png = Core\EditorResources\Icons\Assets\AssetAnimation.png
		Core\EditorResources\Icons\Assets\AssetAssembly.png = Core\EditorResources\Icons\Assets\AssetAssembly.png
		Core\EditorResources\Icons\Assets\AssetAudio.png = Core\EditorResources\Icons\Assets\AssetAudio.png
		Core\EditorResources\Icons\Assets\AssetData.png = Core\EditorResources\Icons\Assets\AssetData.png
		Core\EditorResources\Icons\Assets\AssetDefault.png = Core\EditorResources\Icons\Assets\AssetDefault.png
		Core\EditorResources\Icons\Assets\AssetFont.png = Core\EditorResources\Icons\Assets\AssetFont.png
		Core\EditorResources\Icons\Assets\AssetImage.png = Core\EditorResources\Icons\Assets\AssetImage.png
		Core\EditorResources\Icons\Assets\AssetMarkup.png = Core\EditorResources\Icons\Assets\AssetMarkup.png
		Core\EditorResources\Icons\Assets\AssetMaterial.png = Core\EditorResources\Icons\Assets\AssetMaterial.png
		Core\EditorResources\Icons\Assets\AssetModel.png = Core\EditorResources\Icons\Assets\AssetModel.png
		Core\EditorResources\Icons\Assets\AssetPrefab.png = Core\EditorResources\Icons\Assets\AssetPrefab.png
		Core\EditorResources\Icons\Assets\AssetScene.png = Core\EditorResources\Icons\Assets\AssetScene.png
		Core\EditorResources\Icons\Assets\AssetScript.png = Core\EditorResources\Icons\Assets\AssetScript.png
		Core\EditorResources\Icons\Assets\AssetShader.png = Core\EditorResources\Icons\Assets\AssetShader.png
		Core\EditorResources\Icons\Assets\AssetStyle.png = Core\EditorResources\Icons\Assets\AssetStyle.png
		Core\EditorResources\Icons\Assets\AssetText.png = Core\EditorResources\Icons\Assets\AssetText.png
		Core\EditorResources\Icons\Assets\FolderClosed.png = Core\EditorResources\Icons\Assets\FolderClosed.png
		Core\EditorResources\Icons\Assets\FolderEmpty.png = Core\EditorResources\Icons\Assets\FolderEmpty.png
		Core\EditorResources\Icons\Assets\FolderOpen.png = Core\EditorResources\Icons\Assets\FolderOpen.png
	EndProjectSection
EndProject
Project("{2150E333-8FDC-42A3-9474-1A3956D46DE8}") = "Components", "Core\EditorResources\Icons\Components", "{3C667749-5C97-A565-51E9-FF52D1AC0BE7}"
	ProjectSection(SolutionItems) = preProject
		Core\EditorResources\Icons\Components\Camera.png = Core\EditorResources\Icons\Components\Camera.png
		Core\EditorResources\Icons\Components\Component.png = Core\EditorResources\Icons\Components\Component.png
		Core\EditorResources\Icons\Components\GameObject.png = Core\EditorResources\Icons\Components\GameObject.png
		Core\EditorResources\Icons\Components\Script.png = Core\EditorResources\Icons\Components\Script.png
		Core\EditorResources\Icons\Components\Transform.png = Core\EditorResources\Icons\Components\Transform.png
	EndProjectSection
EndProject
Project("{2150E333-8FDC-42A3-9474-1A3956D46DE8}") = "Toolbar", "Core\EditorResources\Icons\Toolbar", "{1B39EA01-71A1-9067-7B1A-1D793607A5BF}"
	ProjectSection(SolutionItems) = preProject
		Core\EditorResources\Icons\Toolbar\Add.png = Core\EditorResources\Icons\Toolbar\Add.png
		Core\EditorResources\Icons\Toolbar\Browse.png = Core\EditorResources\Icons\Toolbar\Browse.png
		Core\EditorResources\Icons\Toolbar\Button.png = Core\EditorResources\Icons\Toolbar\Button.png
		Core\EditorResources\Icons\Toolbar\Check.png = Core\EditorResources\Icons\Toolbar\Check.png
		Core\EditorResources\Icons\Toolbar\Clear.png = Core\EditorResources\Icons\Toolbar\Clear.png
		Core\EditorResources\Icons\Toolbar\Container.png = Core\EditorResources\Icons\Toolbar\Container.png
		Core\EditorResources\Icons\Toolbar\Delete.png = Core\EditorResources\Icons\Toolbar\Delete.png
		Core\EditorResources\Icons\Toolbar\Error.png = Core\EditorResources\Icons\Toolbar\Error.png
		Core\EditorResources\Icons\Toolbar\Field.png = Core\EditorResources\Icons\Toolbar\Field.png
		Core\EditorResources\Icons\Toolbar\FoldoutClosed.png = Core\EditorResources\Icons\Toolbar\FoldoutClosed.png
		Core\EditorResources\Icons\Toolbar\FoldoutOpen.png = Core\EditorResources\Icons\Toolbar\FoldoutOpen.png
		Core\EditorResources\Icons\Toolbar\Hidden.png = Core\EditorResources\Icons\Toolbar\Hidden.png
		Core\EditorResources\Icons\Toolbar\Html.png = Core\EditorResources\Icons\Toolbar\Html.png
		Core\EditorResources\Icons\Toolbar\Info.png = Core\EditorResources\Icons\Toolbar\Info.png
		Core\EditorResources\Icons\Toolbar\Label.png = Core\EditorResources\Icons\Toolbar\Label.png
		Core\EditorResources\Icons\Toolbar\Lock.png = Core\EditorResources\Icons\Toolbar\Lock.png
		Core\EditorResources\Icons\Toolbar\More.png = Core\EditorResources\Icons\Toolbar\More.png
		Core\EditorResources\Icons\Toolbar\Move.png = Core\EditorResources\Icons\Toolbar\Move.png
		Core\EditorResources\Icons\Toolbar\New.png = Core\EditorResources\Icons\Toolbar\New.png
		Core\EditorResources\Icons\Toolbar\OpenFolder.png = Core\EditorResources\Icons\Toolbar\OpenFolder.png
		Core\EditorResources\Icons\Toolbar\Pause.png = Core\EditorResources\Icons\Toolbar\Pause.png
		Core\EditorResources\Icons\Toolbar\Play.png = Core\EditorResources\Icons\Toolbar\Play.png
		Core\EditorResources\Icons\Toolbar\Rect.png = Core\EditorResources\Icons\Toolbar\Rect.png
		Core\EditorResources\Icons\Toolbar\Refresh.png = Core\EditorResources\Icons\Toolbar\Refresh.png
		Core\EditorResources\Icons\Toolbar\Rotate.png = Core\EditorResources\Icons\Toolbar\Rotate.png
		Core\EditorResources\Icons\Toolbar\Save.png = Core\EditorResources\Icons\Toolbar\Save.png
		Core\EditorResources\Icons\Toolbar\Scale.png = Core\EditorResources\Icons\Toolbar\Scale.png
		Core\EditorResources\Icons\Toolbar\Search.png = Core\EditorResources\Icons\Toolbar\Search.png
		Core\EditorResources\Icons\Toolbar\Send.png = Core\EditorResources\Icons\Toolbar\Send.png
		Core\EditorResources\Icons\Toolbar\Settings.png = Core\EditorResources\Icons\Toolbar\Settings.png
		Core\EditorResources\Icons\Toolbar\Step.png = Core\EditorResources\Icons\Toolbar\Step.png
		Core\EditorResources\Icons\Toolbar\Stop.png = Core\EditorResources\Icons\Toolbar\Stop.png
		Core\EditorResources\Icons\Toolbar\Unlock.png = Core\EditorResources\Icons\Toolbar\Unlock.png
		Core\EditorResources\Icons\Toolbar\Up.png = Core\EditorResources\Icons\Toolbar\Up.png
		Core\EditorResources\Icons\Toolbar\View.png = Core\EditorResources\Icons\Toolbar\View.png
		Core\EditorResources\Icons\Toolbar\Visible.png = Core\EditorResources\Icons\Toolbar\Visible.png
		Core\EditorResources\Icons\Toolbar\Warning.png = Core\EditorResources\Icons\Toolbar\Warning.png
	EndProjectSection
EndProject
Project("{2150E333-8FDC-42A3-9474-1A3956D46DE8}") = "Windows", "Core\EditorResources\Icons\Windows", "{EDF9D61F-1FAA-1756-31B8-5BA4B68A6585}"
	ProjectSection(SolutionItems) = preProject
		Core\EditorResources\Icons\Windows\Codex.png = Core\EditorResources\Icons\Windows\Codex.png
		Core\EditorResources\Icons\Windows\Console.png = Core\EditorResources\Icons\Windows\Console.png
		Core\EditorResources\Icons\Windows\EditorStatus.png = Core\EditorResources\Icons\Windows\EditorStatus.png
		Core\EditorResources\Icons\Windows\Game.png = Core\EditorResources\Icons\Windows\Game.png
		Core\EditorResources\Icons\Windows\Hierarchy.png = Core\EditorResources\Icons\Windows\Hierarchy.png
		Core\EditorResources\Icons\Windows\HtmlConverter.png = Core\EditorResources\Icons\Windows\HtmlConverter.png
		Core\EditorResources\Icons\Windows\Inspector.png = Core\EditorResources\Icons\Windows\Inspector.png
		Core\EditorResources\Icons\Windows\PackageManager.png = Core\EditorResources\Icons\Windows\PackageManager.png
		Core\EditorResources\Icons\Windows\Preferences.png = Core\EditorResources\Icons\Windows\Preferences.png
		Core\EditorResources\Icons\Windows\Project.png = Core\EditorResources\Icons\Windows\Project.png
		Core\EditorResources\Icons\Windows\ProjectSettings.png = Core\EditorResources\Icons\Windows\ProjectSettings.png
		Core\EditorResources\Icons\Windows\Scene.png = Core\EditorResources\Icons\Windows\Scene.png
		Core\EditorResources\Icons\Windows\SceneCamera.png = Core\EditorResources\Icons\Windows\SceneCamera.png
		Core\EditorResources\Icons\Windows\Shortcuts.png = Core\EditorResources\Icons\Windows\Shortcuts.png
		Core\EditorResources\Icons\Windows\UIBuilder.png = Core\EditorResources\Icons\Windows\UIBuilder.png
		Core\EditorResources\Icons\Windows\Window.png = Core\EditorResources\Icons\Windows\Window.png
	EndProjectSection
EndProject
Project("{2150E333-8FDC-42A3-9474-1A3956D46DE8}") = "Skills", "Core\EditorResources\Skills", "{E8DA83EF-CE5B-5FAB-B7EF-AE38D8A05EE8}"
EndProject
Project("{2150E333-8FDC-42A3-9474-1A3956D46DE8}") = "bengine-core", "Core\EditorResources\Skills\bengine-core", "{90C8C335-44DF-1842-2A32-39318C179058}"
	ProjectSection(SolutionItems) = preProject
		Core\EditorResources\Skills\bengine-core\SKILL.md = Core\EditorResources\Skills\bengine-core\SKILL.md
	EndProjectSection
EndProject
Project("{2150E333-8FDC-42A3-9474-1A3956D46DE8}") = "agents", "Core\EditorResources\Skills\bengine-core\agents", "{4690D2DF-08C4-5B48-8C7C-959E0AF28DA1}"
	ProjectSection(SolutionItems) = preProject
		Core\EditorResources\Skills\bengine-core\agents\openai.yaml = Core\EditorResources\Skills\bengine-core\agents\openai.yaml
	EndProjectSection
EndProject
Project("{2150E333-8FDC-42A3-9474-1A3956D46DE8}") = "Doc", "Packages\Animation\EditorResources\Doc", "{BFE6DE5A-0021-6193-A36A-00B992004243}"
	ProjectSection(SolutionItems) = preProject
		Packages\Animation\EditorResources\Doc\index.html = Packages\Animation\EditorResources\Doc\index.html
	EndProjectSection
EndProject
Project("{2150E333-8FDC-42A3-9474-1A3956D46DE8}") = "images", "Packages\Animation\EditorResources\Doc\images", "{17578E65-0386-D42E-9793-8A91B0D19149}"
	ProjectSection(SolutionItems) = preProject
		Packages\Animation\EditorResources\Doc\images\overview.png = Packages\Animation\EditorResources\Doc\images\overview.png
	EndProjectSection
EndProject
Project("{2150E333-8FDC-42A3-9474-1A3956D46DE8}") = "Examples", "Packages\Animation\EditorResources\Examples", "{C944C4C7-058F-440D-0E1B-3D685884CBFE}"
	ProjectSection(SolutionItems) = preProject
		Packages\Animation\EditorResources\Examples\AnimationGettingStarted.bpackage = Packages\Animation\EditorResources\Examples\AnimationGettingStarted.bpackage
		Packages\Animation\EditorResources\Examples\StateMachine.bpackage = Packages\Animation\EditorResources\Examples\StateMachine.bpackage
	EndProjectSection
EndProject
Project("{2150E333-8FDC-42A3-9474-1A3956D46DE8}") = "Skills", "Packages\Animation\EditorResources\Skills", "{B4867B8B-1DAE-87F6-BD27-F5B78DBADD30}"
EndProject
Project("{2150E333-8FDC-42A3-9474-1A3956D46DE8}") = "bengine-animation", "Packages\Animation\EditorResources\Skills\bengine-animation", "{8BA3B99D-6804-7EB8-0B6D-0928565C541B}"
	ProjectSection(SolutionItems) = preProject
		Packages\Animation\EditorResources\Skills\bengine-animation\SKILL.md = Packages\Animation\EditorResources\Skills\bengine-animation\SKILL.md
	EndProjectSection
EndProject
Project("{2150E333-8FDC-42A3-9474-1A3956D46DE8}") = "agents", "Packages\Animation\EditorResources\Skills\bengine-animation\agents", "{A1FE0ACB-F8CD-631B-B1B5-41AE86E446BC}"
	ProjectSection(SolutionItems) = preProject
		Packages\Animation\EditorResources\Skills\bengine-animation\agents\openai.yaml = Packages\Animation\EditorResources\Skills\bengine-animation\agents\openai.yaml
	EndProjectSection
EndProject
Project("{2150E333-8FDC-42A3-9474-1A3956D46DE8}") = "Doc", "Packages\Navigation2D\EditorResources\Doc", "{EBCBD85E-0426-5F65-E83B-6DD87D70D9D6}"
	ProjectSection(SolutionItems) = preProject
		Packages\Navigation2D\EditorResources\Doc\index.html = Packages\Navigation2D\EditorResources\Doc\index.html
	EndProjectSection
EndProject
Project("{2150E333-8FDC-42A3-9474-1A3956D46DE8}") = "images", "Packages\Navigation2D\EditorResources\Doc\images", "{AA824AF0-2598-7D45-BFB3-FF8D05EF5723}"
	ProjectSection(SolutionItems) = preProject
		Packages\Navigation2D\EditorResources\Doc\images\overview.png = Packages\Navigation2D\EditorResources\Doc\images\overview.png
	EndProjectSection
EndProject
Project("{2150E333-8FDC-42A3-9474-1A3956D46DE8}") = "Examples", "Packages\Navigation2D\EditorResources\Examples", "{EDA42C77-0B6C-482F-EEE8-8F366895DB22}"
	ProjectSection(SolutionItems) = preProject
		Packages\Navigation2D\EditorResources\Examples\DynamicRebake.bpackage = Packages\Navigation2D\EditorResources\Examples\DynamicRebake.bpackage
		Packages\Navigation2D\EditorResources\Examples\NavigationSurfaceAndAgent.bpackage = Packages\Navigation2D\EditorResources\Examples\NavigationSurfaceAndAgent.bpackage
	EndProjectSection
EndProject
Project("{2150E333-8FDC-42A3-9474-1A3956D46DE8}") = "Skills", "Packages\Navigation2D\EditorResources\Skills", "{0219188A-BF9A-5FA2-E2B8-26BC90111DD3}"
EndProject
Project("{2150E333-8FDC-42A3-9474-1A3956D46DE8}") = "bengine-navigation2d", "Packages\Navigation2D\EditorResources\Skills\bengine-navigation2d", "{7C678819-9365-9467-D5AD-D6ADD4270164}"
	ProjectSection(SolutionItems) = preProject
		Packages\Navigation2D\EditorResources\Skills\bengine-navigation2d\SKILL.md = Packages\Navigation2D\EditorResources\Skills\bengine-navigation2d\SKILL.md
	EndProjectSection
EndProject
Project("{2150E333-8FDC-42A3-9474-1A3956D46DE8}") = "agents", "Packages\Navigation2D\EditorResources\Skills\bengine-navigation2d\agents", "{E537A7D1-606F-EDCA-77F1-BF7BE6CDE770}"
	ProjectSection(SolutionItems) = preProject
		Packages\Navigation2D\EditorResources\Skills\bengine-navigation2d\agents\openai.yaml = Packages\Navigation2D\EditorResources\Skills\bengine-navigation2d\agents\openai.yaml
	EndProjectSection
EndProject
Project("{2150E333-8FDC-42A3-9474-1A3956D46DE8}") = "Doc", "Packages\Physics2D\EditorResources\Doc", "{163A0DA7-9274-FD38-9A30-163CEB87CA1C}"
	ProjectSection(SolutionItems) = preProject
		Packages\Physics2D\EditorResources\Doc\index.html = Packages\Physics2D\EditorResources\Doc\index.html
	EndProjectSection
EndProject
Project("{2150E333-8FDC-42A3-9474-1A3956D46DE8}") = "images", "Packages\Physics2D\EditorResources\Doc\images", "{5609FC5E-6C84-721F-35C0-F5DEB3BC2FF5}"
	ProjectSection(SolutionItems) = preProject
		Packages\Physics2D\EditorResources\Doc\images\overview.png = Packages\Physics2D\EditorResources\Doc\images\overview.png
	EndProjectSection
EndProject
Project("{2150E333-8FDC-42A3-9474-1A3956D46DE8}") = "Examples", "Packages\Physics2D\EditorResources\Examples", "{7CAD3A20-9775-C64B-7707-3C07393415E4}"
	ProjectSection(SolutionItems) = preProject
		Packages\Physics2D\EditorResources\Examples\RigidbodyAndQueries.bpackage = Packages\Physics2D\EditorResources\Examples\RigidbodyAndQueries.bpackage
		Packages\Physics2D\EditorResources\Examples\TriggersAndQueries.bpackage = Packages\Physics2D\EditorResources\Examples\TriggersAndQueries.bpackage
	EndProjectSection
EndProject
Project("{2150E333-8FDC-42A3-9474-1A3956D46DE8}") = "Skills", "Packages\Physics2D\EditorResources\Skills", "{D6CF6F9C-16D4-A672-0859-9B06CBB8FC1A}"
EndProject
Project("{2150E333-8FDC-42A3-9474-1A3956D46DE8}") = "bengine-physics2d", "Packages\Physics2D\EditorResources\Skills\bengine-physics2d", "{BD3EC8CF-B172-5E36-4B57-FDC0E1B11EAC}"
	ProjectSection(SolutionItems) = preProject
		Packages\Physics2D\EditorResources\Skills\bengine-physics2d\SKILL.md = Packages\Physics2D\EditorResources\Skills\bengine-physics2d\SKILL.md
	EndProjectSection
EndProject
Project("{2150E333-8FDC-42A3-9474-1A3956D46DE8}") = "agents", "Packages\Physics2D\EditorResources\Skills\bengine-physics2d\agents", "{BD7D4D63-CE6C-8E01-406D-7E79CC1A9D2A}"
	ProjectSection(SolutionItems) = preProject
		Packages\Physics2D\EditorResources\Skills\bengine-physics2d\agents\openai.yaml = Packages\Physics2D\EditorResources\Skills\bengine-physics2d\agents\openai.yaml
	EndProjectSection
EndProject
Project("{2150E333-8FDC-42A3-9474-1A3956D46DE8}") = "Doc", "Packages\PropertyAttributes\EditorResources\Doc", "{1EB9E3EF-6C1E-B1FD-F7D3-33302D1246B1}"
	ProjectSection(SolutionItems) = preProject
		Packages\PropertyAttributes\EditorResources\Doc\index.html = Packages\PropertyAttributes\EditorResources\Doc\index.html
	EndProjectSection
EndProject
Project("{2150E333-8FDC-42A3-9474-1A3956D46DE8}") = "images", "Packages\PropertyAttributes\EditorResources\Doc\images", "{9E78E6E1-EA7F-AF24-BF5B-E0F3A314171F}"
	ProjectSection(SolutionItems) = preProject
		Packages\PropertyAttributes\EditorResources\Doc\images\overview.png = Packages\PropertyAttributes\EditorResources\Doc\images\overview.png
	EndProjectSection
EndProject
Project("{2150E333-8FDC-42A3-9474-1A3956D46DE8}") = "Examples", "Packages\PropertyAttributes\EditorResources\Examples", "{77C1C95A-64F8-19F9-B07D-69AE7B110013}"
	ProjectSection(SolutionItems) = preProject
		Packages\PropertyAttributes\EditorResources\Examples\AttributesGallery.bpackage = Packages\PropertyAttributes\EditorResources\Examples\AttributesGallery.bpackage
		Packages\PropertyAttributes\EditorResources\Examples\InspectorAttributesAndDrawer.bpackage = Packages\PropertyAttributes\EditorResources\Examples\InspectorAttributesAndDrawer.bpackage
	EndProjectSection
EndProject
Project("{2150E333-8FDC-42A3-9474-1A3956D46DE8}") = "Skills", "Packages\PropertyAttributes\EditorResources\Skills", "{8D01CFB6-B896-FE10-4879-00A8F8E3F732}"
EndProject
Project("{2150E333-8FDC-42A3-9474-1A3956D46DE8}") = "bengine-property-attributes", "Packages\PropertyAttributes\EditorResources\Skills\bengine-property-attributes", "{D7327DBB-688A-CD35-9228-840A765DA5AC}"
	ProjectSection(SolutionItems) = preProject
		Packages\PropertyAttributes\EditorResources\Skills\bengine-property-attributes\SKILL.md = Packages\PropertyAttributes\EditorResources\Skills\bengine-property-attributes\SKILL.md
	EndProjectSection
EndProject
Project("{2150E333-8FDC-42A3-9474-1A3956D46DE8}") = "agents", "Packages\PropertyAttributes\EditorResources\Skills\bengine-property-attributes\agents", "{A6F59411-1DD8-505D-F548-6EB97234A7E4}"
	ProjectSection(SolutionItems) = preProject
		Packages\PropertyAttributes\EditorResources\Skills\bengine-property-attributes\agents\openai.yaml = Packages\PropertyAttributes\EditorResources\Skills\bengine-property-attributes\agents\openai.yaml
	EndProjectSection
EndProject
Project("{2150E333-8FDC-42A3-9474-1A3956D46DE8}") = "Shaders", "Packages\TiledMap\Resources\Shaders", "{ED47689F-B435-7260-4872-D0E52582A078}"
EndProject
Project("{2150E333-8FDC-42A3-9474-1A3956D46DE8}") = "TiledMap", "Packages\TiledMap\Resources\Shaders\TiledMap", "{CBF2DD64-A4A7-6686-D818-A4BD088E8A56}"
	ProjectSection(SolutionItems) = preProject
		Packages\TiledMap\Resources\Shaders\TiledMap\Textured.direct3d.frag.hlsl = Packages\TiledMap\Resources\Shaders\TiledMap\Textured.direct3d.frag.hlsl
		Packages\TiledMap\Resources\Shaders\TiledMap\Textured.direct3d.vert.hlsl = Packages\TiledMap\Resources\Shaders\TiledMap\Textured.direct3d.vert.hlsl
		Packages\TiledMap\Resources\Shaders\TiledMap\Textured.opengl.frag.glsl = Packages\TiledMap\Resources\Shaders\TiledMap\Textured.opengl.frag.glsl
		Packages\TiledMap\Resources\Shaders\TiledMap\Textured.opengl.vert.glsl = Packages\TiledMap\Resources\Shaders\TiledMap\Textured.opengl.vert.glsl
		Packages\TiledMap\Resources\Shaders\TiledMap\Textured.vulkan.frag.glsl = Packages\TiledMap\Resources\Shaders\TiledMap\Textured.vulkan.frag.glsl
		Packages\TiledMap\Resources\Shaders\TiledMap\Textured.vulkan.vert.glsl = Packages\TiledMap\Resources\Shaders\TiledMap\Textured.vulkan.vert.glsl
		Packages\TiledMap\Resources\Shaders\TiledMap\Textured.webgpu.wgsl = Packages\TiledMap\Resources\Shaders\TiledMap\Textured.webgpu.wgsl
	EndProjectSection
EndProject
Project("{2150E333-8FDC-42A3-9474-1A3956D46DE8}") = "Doc", "Packages\TiledMap\EditorResources\Doc", "{9787F2E4-C8CA-44DA-5775-4EB62C329DE2}"
	ProjectSection(SolutionItems) = preProject
		Packages\TiledMap\EditorResources\Doc\index.html = Packages\TiledMap\EditorResources\Doc\index.html
	EndProjectSection
EndProject
Project("{2150E333-8FDC-42A3-9474-1A3956D46DE8}") = "images", "Packages\TiledMap\EditorResources\Doc\images", "{B5DE32D6-F7F2-CF6B-D400-6681382FD3CA}"
	ProjectSection(SolutionItems) = preProject
		Packages\TiledMap\EditorResources\Doc\images\overview.png = Packages\TiledMap\EditorResources\Doc\images\overview.png
	EndProjectSection
EndProject
Project("{2150E333-8FDC-42A3-9474-1A3956D46DE8}") = "Examples", "Packages\TiledMap\EditorResources\Examples", "{11C806E9-F17E-23DF-1AE7-0FD751598066}"
	ProjectSection(SolutionItems) = preProject
		Packages\TiledMap\EditorResources\Examples\AtlasPalette.bpackage = Packages\TiledMap\EditorResources\Examples\AtlasPalette.bpackage
		Packages\TiledMap\EditorResources\Examples\RuntimePainting.bpackage = Packages\TiledMap\EditorResources\Examples\RuntimePainting.bpackage
	EndProjectSection
EndProject
Project("{2150E333-8FDC-42A3-9474-1A3956D46DE8}") = "Skills", "Packages\TiledMap\EditorResources\Skills", "{AF5A2EE5-18DE-A73C-DB83-CF72776024A6}"
EndProject
Project("{2150E333-8FDC-42A3-9474-1A3956D46DE8}") = "bengine-tiledmap", "Packages\TiledMap\EditorResources\Skills\bengine-tiledmap", "{AC564DB2-47DB-12F0-5907-E89F0995326D}"
	ProjectSection(SolutionItems) = preProject
		Packages\TiledMap\EditorResources\Skills\bengine-tiledmap\SKILL.md = Packages\TiledMap\EditorResources\Skills\bengine-tiledmap\SKILL.md
	EndProjectSection
EndProject
Project("{2150E333-8FDC-42A3-9474-1A3956D46DE8}") = "agents", "Packages\TiledMap\EditorResources\Skills\bengine-tiledmap\agents", "{7115CC1F-AED7-93BF-79A7-BB51F9CE51D4}"
	ProjectSection(SolutionItems) = preProject
		Packages\TiledMap\EditorResources\Skills\bengine-tiledmap\agents\openai.yaml = Packages\TiledMap\EditorResources\Skills\bengine-tiledmap\agents\openai.yaml
	EndProjectSection
EndProject
Project("{2150E333-8FDC-42A3-9474-1A3956D46DE8}") = "Shaders", "Packages\UIElements\Resources\Shaders", "{46254D36-E17B-F0A9-3CF7-84788A743368}"
EndProject
Project("{2150E333-8FDC-42A3-9474-1A3956D46DE8}") = "UIElements", "Packages\UIElements\Resources\Shaders\UIElements", "{6490DE42-75A7-A2FC-A01B-6A97C81EE795}"
	ProjectSection(SolutionItems) = preProject
		Packages\UIElements\Resources\Shaders\UIElements\Solid.direct3d.frag.hlsl = Packages\UIElements\Resources\Shaders\UIElements\Solid.direct3d.frag.hlsl
		Packages\UIElements\Resources\Shaders\UIElements\Solid.direct3d.vert.hlsl = Packages\UIElements\Resources\Shaders\UIElements\Solid.direct3d.vert.hlsl
		Packages\UIElements\Resources\Shaders\UIElements\Solid.opengl.frag.glsl = Packages\UIElements\Resources\Shaders\UIElements\Solid.opengl.frag.glsl
		Packages\UIElements\Resources\Shaders\UIElements\Solid.opengl.vert.glsl = Packages\UIElements\Resources\Shaders\UIElements\Solid.opengl.vert.glsl
		Packages\UIElements\Resources\Shaders\UIElements\Solid.vulkan.frag.glsl = Packages\UIElements\Resources\Shaders\UIElements\Solid.vulkan.frag.glsl
		Packages\UIElements\Resources\Shaders\UIElements\Solid.vulkan.vert.glsl = Packages\UIElements\Resources\Shaders\UIElements\Solid.vulkan.vert.glsl
		Packages\UIElements\Resources\Shaders\UIElements\Solid.webgpu.wgsl = Packages\UIElements\Resources\Shaders\UIElements\Solid.webgpu.wgsl
		Packages\UIElements\Resources\Shaders\UIElements\Textured.direct3d.frag.hlsl = Packages\UIElements\Resources\Shaders\UIElements\Textured.direct3d.frag.hlsl
		Packages\UIElements\Resources\Shaders\UIElements\Textured.direct3d.vert.hlsl = Packages\UIElements\Resources\Shaders\UIElements\Textured.direct3d.vert.hlsl
		Packages\UIElements\Resources\Shaders\UIElements\Textured.opengl.frag.glsl = Packages\UIElements\Resources\Shaders\UIElements\Textured.opengl.frag.glsl
		Packages\UIElements\Resources\Shaders\UIElements\Textured.opengl.vert.glsl = Packages\UIElements\Resources\Shaders\UIElements\Textured.opengl.vert.glsl
		Packages\UIElements\Resources\Shaders\UIElements\Textured.vulkan.frag.glsl = Packages\UIElements\Resources\Shaders\UIElements\Textured.vulkan.frag.glsl
		Packages\UIElements\Resources\Shaders\UIElements\Textured.vulkan.vert.glsl = Packages\UIElements\Resources\Shaders\UIElements\Textured.vulkan.vert.glsl
		Packages\UIElements\Resources\Shaders\UIElements\Textured.webgpu.wgsl = Packages\UIElements\Resources\Shaders\UIElements\Textured.webgpu.wgsl
	EndProjectSection
EndProject
Project("{2150E333-8FDC-42A3-9474-1A3956D46DE8}") = "Doc", "Packages\UIElements\EditorResources\Doc", "{CE388DCA-2CB6-E09D-610E-551DE5D30CE5}"
	ProjectSection(SolutionItems) = preProject
		Packages\UIElements\EditorResources\Doc\index.html = Packages\UIElements\EditorResources\Doc\index.html
	EndProjectSection
EndProject
Project("{2150E333-8FDC-42A3-9474-1A3956D46DE8}") = "images", "Packages\UIElements\EditorResources\Doc\images", "{AD23D513-01A3-2F46-F0BC-A96DEF220344}"
	ProjectSection(SolutionItems) = preProject
		Packages\UIElements\EditorResources\Doc\images\overview.png = Packages\UIElements\EditorResources\Doc\images\overview.png
	EndProjectSection
EndProject
Project("{2150E333-8FDC-42A3-9474-1A3956D46DE8}") = "Examples", "Packages\UIElements\EditorResources\Examples", "{E98783C2-CA76-61DD-F0D6-5563130FE9BD}"
	ProjectSection(SolutionItems) = preProject
		Packages\UIElements\EditorResources\Examples\ControlsGallery.bpackage = Packages\UIElements\EditorResources\Examples\ControlsGallery.bpackage
		Packages\UIElements\EditorResources\Examples\RuntimeHud.bpackage = Packages\UIElements\EditorResources\Examples\RuntimeHud.bpackage
	EndProjectSection
EndProject
Project("{2150E333-8FDC-42A3-9474-1A3956D46DE8}") = "Skills", "Packages\UIElements\EditorResources\Skills", "{8947452A-7BE0-C408-DA77-3CFBA3823994}"
EndProject
Project("{2150E333-8FDC-42A3-9474-1A3956D46DE8}") = "bengine-ui-elements", "Packages\UIElements\EditorResources\Skills\bengine-ui-elements", "{2379B9BF-70D2-8B47-B4BE-B4AD7F6354A5}"
	ProjectSection(SolutionItems) = preProject
		Packages\UIElements\EditorResources\Skills\bengine-ui-elements\SKILL.md = Packages\UIElements\EditorResources\Skills\bengine-ui-elements\SKILL.md
	EndProjectSection
EndProject
Project("{2150E333-8FDC-42A3-9474-1A3956D46DE8}") = "agents", "Packages\UIElements\EditorResources\Skills\bengine-ui-elements\agents", "{DEF30CD8-7A93-AE9F-AF36-2BEE033DA4B3}"
	ProjectSection(SolutionItems) = preProject
		Packages\UIElements\EditorResources\Skills\bengine-ui-elements\agents\openai.yaml = Packages\UIElements\EditorResources\Skills\bengine-ui-elements\agents\openai.yaml
	EndProjectSection
EndProject
Global
	GlobalSection(SolutionConfigurationPlatforms) = preSolution
		Debug|Any CPU = Debug|Any CPU
		Debug|x64 = Debug|x64
		Debug|x86 = Debug|x86
		Release|Any CPU = Release|Any CPU
		Release|x64 = Release|x64
		Release|x86 = Release|x86
	EndGlobalSection
	GlobalSection(ProjectConfigurationPlatforms) = postSolution
		{48794D92-E601-4812-8ADE-A6B9754E7949}.Debug|Any CPU.ActiveCfg = Debug|Any CPU
		{48794D92-E601-4812-8ADE-A6B9754E7949}.Debug|Any CPU.Build.0 = Debug|Any CPU
		{48794D92-E601-4812-8ADE-A6B9754E7949}.Debug|x64.ActiveCfg = Debug|Any CPU
		{48794D92-E601-4812-8ADE-A6B9754E7949}.Debug|x64.Build.0 = Debug|Any CPU
		{48794D92-E601-4812-8ADE-A6B9754E7949}.Debug|x86.ActiveCfg = Debug|Any CPU
		{48794D92-E601-4812-8ADE-A6B9754E7949}.Debug|x86.Build.0 = Debug|Any CPU
		{48794D92-E601-4812-8ADE-A6B9754E7949}.Release|Any CPU.ActiveCfg = Release|Any CPU
		{48794D92-E601-4812-8ADE-A6B9754E7949}.Release|Any CPU.Build.0 = Release|Any CPU
		{48794D92-E601-4812-8ADE-A6B9754E7949}.Release|x64.ActiveCfg = Release|Any CPU
		{48794D92-E601-4812-8ADE-A6B9754E7949}.Release|x64.Build.0 = Release|Any CPU
		{48794D92-E601-4812-8ADE-A6B9754E7949}.Release|x86.ActiveCfg = Release|Any CPU
		{48794D92-E601-4812-8ADE-A6B9754E7949}.Release|x86.Build.0 = Release|Any CPU
		{5E592BFA-020A-4C93-9CD8-90AAE92A60D6}.Debug|Any CPU.ActiveCfg = Debug|Any CPU
		{5E592BFA-020A-4C93-9CD8-90AAE92A60D6}.Debug|Any CPU.Build.0 = Debug|Any CPU
		{5E592BFA-020A-4C93-9CD8-90AAE92A60D6}.Debug|x64.ActiveCfg = Debug|Any CPU
		{5E592BFA-020A-4C93-9CD8-90AAE92A60D6}.Debug|x64.Build.0 = Debug|Any CPU
		{5E592BFA-020A-4C93-9CD8-90AAE92A60D6}.Debug|x86.ActiveCfg = Debug|Any CPU
		{5E592BFA-020A-4C93-9CD8-90AAE92A60D6}.Debug|x86.Build.0 = Debug|Any CPU
		{5E592BFA-020A-4C93-9CD8-90AAE92A60D6}.Release|Any CPU.ActiveCfg = Release|Any CPU
		{5E592BFA-020A-4C93-9CD8-90AAE92A60D6}.Release|Any CPU.Build.0 = Release|Any CPU
		{5E592BFA-020A-4C93-9CD8-90AAE92A60D6}.Release|x64.ActiveCfg = Release|Any CPU
		{5E592BFA-020A-4C93-9CD8-90AAE92A60D6}.Release|x64.Build.0 = Release|Any CPU
		{5E592BFA-020A-4C93-9CD8-90AAE92A60D6}.Release|x86.ActiveCfg = Release|Any CPU
		{5E592BFA-020A-4C93-9CD8-90AAE92A60D6}.Release|x86.Build.0 = Release|Any CPU
		{5256C9C5-AD8C-4BEF-9FFB-A751B22C2286}.Debug|Any CPU.ActiveCfg = Debug|Any CPU
		{5256C9C5-AD8C-4BEF-9FFB-A751B22C2286}.Debug|Any CPU.Build.0 = Debug|Any CPU
		{5256C9C5-AD8C-4BEF-9FFB-A751B22C2286}.Debug|x64.ActiveCfg = Debug|Any CPU
		{5256C9C5-AD8C-4BEF-9FFB-A751B22C2286}.Debug|x64.Build.0 = Debug|Any CPU
		{5256C9C5-AD8C-4BEF-9FFB-A751B22C2286}.Debug|x86.ActiveCfg = Debug|Any CPU
		{5256C9C5-AD8C-4BEF-9FFB-A751B22C2286}.Debug|x86.Build.0 = Debug|Any CPU
		{5256C9C5-AD8C-4BEF-9FFB-A751B22C2286}.Release|Any CPU.ActiveCfg = Release|Any CPU
		{5256C9C5-AD8C-4BEF-9FFB-A751B22C2286}.Release|Any CPU.Build.0 = Release|Any CPU
		{5256C9C5-AD8C-4BEF-9FFB-A751B22C2286}.Release|x64.ActiveCfg = Release|Any CPU
		{5256C9C5-AD8C-4BEF-9FFB-A751B22C2286}.Release|x64.Build.0 = Release|Any CPU
		{5256C9C5-AD8C-4BEF-9FFB-A751B22C2286}.Release|x86.ActiveCfg = Release|Any CPU
		{5256C9C5-AD8C-4BEF-9FFB-A751B22C2286}.Release|x86.Build.0 = Release|Any CPU
		{82F2CCA9-DC52-43C3-93D1-193C8640BA62}.Debug|Any CPU.ActiveCfg = Debug|Any CPU
		{82F2CCA9-DC52-43C3-93D1-193C8640BA62}.Debug|Any CPU.Build.0 = Debug|Any CPU
		{82F2CCA9-DC52-43C3-93D1-193C8640BA62}.Debug|x64.ActiveCfg = Debug|Any CPU
		{82F2CCA9-DC52-43C3-93D1-193C8640BA62}.Debug|x64.Build.0 = Debug|Any CPU
		{82F2CCA9-DC52-43C3-93D1-193C8640BA62}.Debug|x86.ActiveCfg = Debug|Any CPU
		{82F2CCA9-DC52-43C3-93D1-193C8640BA62}.Debug|x86.Build.0 = Debug|Any CPU
		{82F2CCA9-DC52-43C3-93D1-193C8640BA62}.Release|Any CPU.ActiveCfg = Release|Any CPU
		{82F2CCA9-DC52-43C3-93D1-193C8640BA62}.Release|Any CPU.Build.0 = Release|Any CPU
		{82F2CCA9-DC52-43C3-93D1-193C8640BA62}.Release|x64.ActiveCfg = Release|Any CPU
		{82F2CCA9-DC52-43C3-93D1-193C8640BA62}.Release|x64.Build.0 = Release|Any CPU
		{82F2CCA9-DC52-43C3-93D1-193C8640BA62}.Release|x86.ActiveCfg = Release|Any CPU
		{82F2CCA9-DC52-43C3-93D1-193C8640BA62}.Release|x86.Build.0 = Release|Any CPU
		{DD613E5F-BC20-455C-866A-3BCB0D6E0E85}.Debug|Any CPU.ActiveCfg = Debug|Any CPU
		{DD613E5F-BC20-455C-866A-3BCB0D6E0E85}.Debug|Any CPU.Build.0 = Debug|Any CPU
		{DD613E5F-BC20-455C-866A-3BCB0D6E0E85}.Debug|x64.ActiveCfg = Debug|Any CPU
		{DD613E5F-BC20-455C-866A-3BCB0D6E0E85}.Debug|x64.Build.0 = Debug|Any CPU
		{DD613E5F-BC20-455C-866A-3BCB0D6E0E85}.Debug|x86.ActiveCfg = Debug|Any CPU
		{DD613E5F-BC20-455C-866A-3BCB0D6E0E85}.Debug|x86.Build.0 = Debug|Any CPU
		{DD613E5F-BC20-455C-866A-3BCB0D6E0E85}.Release|Any CPU.ActiveCfg = Release|Any CPU
		{DD613E5F-BC20-455C-866A-3BCB0D6E0E85}.Release|Any CPU.Build.0 = Release|Any CPU
		{DD613E5F-BC20-455C-866A-3BCB0D6E0E85}.Release|x64.ActiveCfg = Release|Any CPU
		{DD613E5F-BC20-455C-866A-3BCB0D6E0E85}.Release|x64.Build.0 = Release|Any CPU
		{DD613E5F-BC20-455C-866A-3BCB0D6E0E85}.Release|x86.ActiveCfg = Release|Any CPU
		{DD613E5F-BC20-455C-866A-3BCB0D6E0E85}.Release|x86.Build.0 = Release|Any CPU
		{D253D880-F9F4-43C9-BB36-735CA41CCB44}.Debug|Any CPU.ActiveCfg = Debug|Any CPU
		{D253D880-F9F4-43C9-BB36-735CA41CCB44}.Debug|Any CPU.Build.0 = Debug|Any CPU
		{D253D880-F9F4-43C9-BB36-735CA41CCB44}.Debug|x64.ActiveCfg = Debug|Any CPU
		{D253D880-F9F4-43C9-BB36-735CA41CCB44}.Debug|x64.Build.0 = Debug|Any CPU
		{D253D880-F9F4-43C9-BB36-735CA41CCB44}.Debug|x86.ActiveCfg = Debug|Any CPU
		{D253D880-F9F4-43C9-BB36-735CA41CCB44}.Debug|x86.Build.0 = Debug|Any CPU
		{D253D880-F9F4-43C9-BB36-735CA41CCB44}.Release|Any CPU.ActiveCfg = Release|Any CPU
		{D253D880-F9F4-43C9-BB36-735CA41CCB44}.Release|Any CPU.Build.0 = Release|Any CPU
		{D253D880-F9F4-43C9-BB36-735CA41CCB44}.Release|x64.ActiveCfg = Release|Any CPU
		{D253D880-F9F4-43C9-BB36-735CA41CCB44}.Release|x64.Build.0 = Release|Any CPU
		{D253D880-F9F4-43C9-BB36-735CA41CCB44}.Release|x86.ActiveCfg = Release|Any CPU
		{D253D880-F9F4-43C9-BB36-735CA41CCB44}.Release|x86.Build.0 = Release|Any CPU
		{D6CAAE35-2CFF-40A6-861B-672913F96735}.Debug|Any CPU.ActiveCfg = Debug|Any CPU
		{D6CAAE35-2CFF-40A6-861B-672913F96735}.Debug|Any CPU.Build.0 = Debug|Any CPU
		{D6CAAE35-2CFF-40A6-861B-672913F96735}.Debug|x64.ActiveCfg = Debug|Any CPU
		{D6CAAE35-2CFF-40A6-861B-672913F96735}.Debug|x64.Build.0 = Debug|Any CPU
		{D6CAAE35-2CFF-40A6-861B-672913F96735}.Debug|x86.ActiveCfg = Debug|Any CPU
		{D6CAAE35-2CFF-40A6-861B-672913F96735}.Debug|x86.Build.0 = Debug|Any CPU
		{D6CAAE35-2CFF-40A6-861B-672913F96735}.Release|Any CPU.ActiveCfg = Release|Any CPU
		{D6CAAE35-2CFF-40A6-861B-672913F96735}.Release|Any CPU.Build.0 = Release|Any CPU
		{D6CAAE35-2CFF-40A6-861B-672913F96735}.Release|x64.ActiveCfg = Release|Any CPU
		{D6CAAE35-2CFF-40A6-861B-672913F96735}.Release|x64.Build.0 = Release|Any CPU
		{D6CAAE35-2CFF-40A6-861B-672913F96735}.Release|x86.ActiveCfg = Release|Any CPU
		{D6CAAE35-2CFF-40A6-861B-672913F96735}.Release|x86.Build.0 = Release|Any CPU
		{F777EEB3-41D9-4500-96FF-312ED9A3E940}.Debug|Any CPU.ActiveCfg = Debug|Any CPU
		{F777EEB3-41D9-4500-96FF-312ED9A3E940}.Debug|Any CPU.Build.0 = Debug|Any CPU
		{F777EEB3-41D9-4500-96FF-312ED9A3E940}.Debug|x64.ActiveCfg = Debug|Any CPU
		{F777EEB3-41D9-4500-96FF-312ED9A3E940}.Debug|x64.Build.0 = Debug|Any CPU
		{F777EEB3-41D9-4500-96FF-312ED9A3E940}.Debug|x86.ActiveCfg = Debug|Any CPU
		{F777EEB3-41D9-4500-96FF-312ED9A3E940}.Debug|x86.Build.0 = Debug|Any CPU
		{F777EEB3-41D9-4500-96FF-312ED9A3E940}.Release|Any CPU.ActiveCfg = Release|Any CPU
		{F777EEB3-41D9-4500-96FF-312ED9A3E940}.Release|Any CPU.Build.0 = Release|Any CPU
		{F777EEB3-41D9-4500-96FF-312ED9A3E940}.Release|x64.ActiveCfg = Release|Any CPU
		{F777EEB3-41D9-4500-96FF-312ED9A3E940}.Release|x64.Build.0 = Release|Any CPU
		{F777EEB3-41D9-4500-96FF-312ED9A3E940}.Release|x86.ActiveCfg = Release|Any CPU
		{F777EEB3-41D9-4500-96FF-312ED9A3E940}.Release|x86.Build.0 = Release|Any CPU
		{64ACEBA2-6741-4151-AA72-3F5E1B5A12BE}.Debug|Any CPU.ActiveCfg = Debug|Any CPU
		{64ACEBA2-6741-4151-AA72-3F5E1B5A12BE}.Debug|Any CPU.Build.0 = Debug|Any CPU
		{64ACEBA2-6741-4151-AA72-3F5E1B5A12BE}.Debug|x64.ActiveCfg = Debug|Any CPU
		{64ACEBA2-6741-4151-AA72-3F5E1B5A12BE}.Debug|x64.Build.0 = Debug|Any CPU
		{64ACEBA2-6741-4151-AA72-3F5E1B5A12BE}.Debug|x86.ActiveCfg = Debug|Any CPU
		{64ACEBA2-6741-4151-AA72-3F5E1B5A12BE}.Debug|x86.Build.0 = Debug|Any CPU
		{64ACEBA2-6741-4151-AA72-3F5E1B5A12BE}.Release|Any CPU.ActiveCfg = Release|Any CPU
		{64ACEBA2-6741-4151-AA72-3F5E1B5A12BE}.Release|Any CPU.Build.0 = Release|Any CPU
		{64ACEBA2-6741-4151-AA72-3F5E1B5A12BE}.Release|x64.ActiveCfg = Release|Any CPU
		{64ACEBA2-6741-4151-AA72-3F5E1B5A12BE}.Release|x64.Build.0 = Release|Any CPU
		{64ACEBA2-6741-4151-AA72-3F5E1B5A12BE}.Release|x86.ActiveCfg = Release|Any CPU
		{64ACEBA2-6741-4151-AA72-3F5E1B5A12BE}.Release|x86.Build.0 = Release|Any CPU
		{66B17977-3C35-4CEC-8C0B-03E54DED2B56}.Debug|Any CPU.ActiveCfg = Debug|Any CPU
		{66B17977-3C35-4CEC-8C0B-03E54DED2B56}.Debug|Any CPU.Build.0 = Debug|Any CPU
		{66B17977-3C35-4CEC-8C0B-03E54DED2B56}.Debug|x64.ActiveCfg = Debug|Any CPU
		{66B17977-3C35-4CEC-8C0B-03E54DED2B56}.Debug|x64.Build.0 = Debug|Any CPU
		{66B17977-3C35-4CEC-8C0B-03E54DED2B56}.Debug|x86.ActiveCfg = Debug|Any CPU
		{66B17977-3C35-4CEC-8C0B-03E54DED2B56}.Debug|x86.Build.0 = Debug|Any CPU
		{66B17977-3C35-4CEC-8C0B-03E54DED2B56}.Release|Any CPU.ActiveCfg = Release|Any CPU
		{66B17977-3C35-4CEC-8C0B-03E54DED2B56}.Release|Any CPU.Build.0 = Release|Any CPU
		{66B17977-3C35-4CEC-8C0B-03E54DED2B56}.Release|x64.ActiveCfg = Release|Any CPU
		{66B17977-3C35-4CEC-8C0B-03E54DED2B56}.Release|x64.Build.0 = Release|Any CPU
		{66B17977-3C35-4CEC-8C0B-03E54DED2B56}.Release|x86.ActiveCfg = Release|Any CPU
		{66B17977-3C35-4CEC-8C0B-03E54DED2B56}.Release|x86.Build.0 = Release|Any CPU
		{78BBB9FF-1B16-434D-A68E-B58B2F0E47EB}.Debug|Any CPU.ActiveCfg = Debug|Any CPU
		{78BBB9FF-1B16-434D-A68E-B58B2F0E47EB}.Debug|Any CPU.Build.0 = Debug|Any CPU
		{78BBB9FF-1B16-434D-A68E-B58B2F0E47EB}.Debug|x64.ActiveCfg = Debug|Any CPU
		{78BBB9FF-1B16-434D-A68E-B58B2F0E47EB}.Debug|x64.Build.0 = Debug|Any CPU
		{78BBB9FF-1B16-434D-A68E-B58B2F0E47EB}.Debug|x86.ActiveCfg = Debug|Any CPU
		{78BBB9FF-1B16-434D-A68E-B58B2F0E47EB}.Debug|x86.Build.0 = Debug|Any CPU
		{78BBB9FF-1B16-434D-A68E-B58B2F0E47EB}.Release|Any CPU.ActiveCfg = Release|Any CPU
		{78BBB9FF-1B16-434D-A68E-B58B2F0E47EB}.Release|Any CPU.Build.0 = Release|Any CPU
		{78BBB9FF-1B16-434D-A68E-B58B2F0E47EB}.Release|x64.ActiveCfg = Release|Any CPU
		{78BBB9FF-1B16-434D-A68E-B58B2F0E47EB}.Release|x64.Build.0 = Release|Any CPU
		{78BBB9FF-1B16-434D-A68E-B58B2F0E47EB}.Release|x86.ActiveCfg = Release|Any CPU
		{78BBB9FF-1B16-434D-A68E-B58B2F0E47EB}.Release|x86.Build.0 = Release|Any CPU
		{CAB4FC1C-7DE3-435B-8501-BD5BB1A22476}.Debug|Any CPU.ActiveCfg = Debug|Any CPU
		{CAB4FC1C-7DE3-435B-8501-BD5BB1A22476}.Debug|Any CPU.Build.0 = Debug|Any CPU
		{CAB4FC1C-7DE3-435B-8501-BD5BB1A22476}.Debug|x64.ActiveCfg = Debug|Any CPU
		{CAB4FC1C-7DE3-435B-8501-BD5BB1A22476}.Debug|x64.Build.0 = Debug|Any CPU
		{CAB4FC1C-7DE3-435B-8501-BD5BB1A22476}.Debug|x86.ActiveCfg = Debug|Any CPU
		{CAB4FC1C-7DE3-435B-8501-BD5BB1A22476}.Debug|x86.Build.0 = Debug|Any CPU
		{CAB4FC1C-7DE3-435B-8501-BD5BB1A22476}.Release|Any CPU.ActiveCfg = Release|Any CPU
		{CAB4FC1C-7DE3-435B-8501-BD5BB1A22476}.Release|Any CPU.Build.0 = Release|Any CPU
		{CAB4FC1C-7DE3-435B-8501-BD5BB1A22476}.Release|x64.ActiveCfg = Release|Any CPU
		{CAB4FC1C-7DE3-435B-8501-BD5BB1A22476}.Release|x64.Build.0 = Release|Any CPU
		{CAB4FC1C-7DE3-435B-8501-BD5BB1A22476}.Release|x86.ActiveCfg = Release|Any CPU
		{CAB4FC1C-7DE3-435B-8501-BD5BB1A22476}.Release|x86.Build.0 = Release|Any CPU
		{B1B3AD2E-418E-4687-8433-DEE096DC0B9C}.Debug|Any CPU.ActiveCfg = Debug|Any CPU
		{B1B3AD2E-418E-4687-8433-DEE096DC0B9C}.Debug|Any CPU.Build.0 = Debug|Any CPU
		{B1B3AD2E-418E-4687-8433-DEE096DC0B9C}.Debug|x64.ActiveCfg = Debug|Any CPU
		{B1B3AD2E-418E-4687-8433-DEE096DC0B9C}.Debug|x64.Build.0 = Debug|Any CPU
		{B1B3AD2E-418E-4687-8433-DEE096DC0B9C}.Debug|x86.ActiveCfg = Debug|Any CPU
		{B1B3AD2E-418E-4687-8433-DEE096DC0B9C}.Debug|x86.Build.0 = Debug|Any CPU
		{B1B3AD2E-418E-4687-8433-DEE096DC0B9C}.Release|Any CPU.ActiveCfg = Release|Any CPU
		{B1B3AD2E-418E-4687-8433-DEE096DC0B9C}.Release|Any CPU.Build.0 = Release|Any CPU
		{B1B3AD2E-418E-4687-8433-DEE096DC0B9C}.Release|x64.ActiveCfg = Release|Any CPU
		{B1B3AD2E-418E-4687-8433-DEE096DC0B9C}.Release|x64.Build.0 = Release|Any CPU
		{B1B3AD2E-418E-4687-8433-DEE096DC0B9C}.Release|x86.ActiveCfg = Release|Any CPU
		{B1B3AD2E-418E-4687-8433-DEE096DC0B9C}.Release|x86.Build.0 = Release|Any CPU
		{3EC67D67-DF56-473E-AF25-690F609E78BA}.Debug|Any CPU.ActiveCfg = Debug|Any CPU
		{3EC67D67-DF56-473E-AF25-690F609E78BA}.Debug|Any CPU.Build.0 = Debug|Any CPU
		{3EC67D67-DF56-473E-AF25-690F609E78BA}.Debug|x64.ActiveCfg = Debug|Any CPU
		{3EC67D67-DF56-473E-AF25-690F609E78BA}.Debug|x64.Build.0 = Debug|Any CPU
		{3EC67D67-DF56-473E-AF25-690F609E78BA}.Debug|x86.ActiveCfg = Debug|Any CPU
		{3EC67D67-DF56-473E-AF25-690F609E78BA}.Debug|x86.Build.0 = Debug|Any CPU
		{3EC67D67-DF56-473E-AF25-690F609E78BA}.Release|Any CPU.ActiveCfg = Release|Any CPU
		{3EC67D67-DF56-473E-AF25-690F609E78BA}.Release|Any CPU.Build.0 = Release|Any CPU
		{3EC67D67-DF56-473E-AF25-690F609E78BA}.Release|x64.ActiveCfg = Release|Any CPU
		{3EC67D67-DF56-473E-AF25-690F609E78BA}.Release|x64.Build.0 = Release|Any CPU
		{3EC67D67-DF56-473E-AF25-690F609E78BA}.Release|x86.ActiveCfg = Release|Any CPU
		{3EC67D67-DF56-473E-AF25-690F609E78BA}.Release|x86.Build.0 = Release|Any CPU
		{9BE17F9D-0605-4FEA-B800-B71D73907315}.Debug|Any CPU.ActiveCfg = Debug|Any CPU
		{9BE17F9D-0605-4FEA-B800-B71D73907315}.Debug|Any CPU.Build.0 = Debug|Any CPU
		{9BE17F9D-0605-4FEA-B800-B71D73907315}.Debug|x64.ActiveCfg = Debug|Any CPU
		{9BE17F9D-0605-4FEA-B800-B71D73907315}.Debug|x64.Build.0 = Debug|Any CPU
		{9BE17F9D-0605-4FEA-B800-B71D73907315}.Debug|x86.ActiveCfg = Debug|Any CPU
		{9BE17F9D-0605-4FEA-B800-B71D73907315}.Debug|x86.Build.0 = Debug|Any CPU
		{9BE17F9D-0605-4FEA-B800-B71D73907315}.Release|Any CPU.ActiveCfg = Release|Any CPU
		{9BE17F9D-0605-4FEA-B800-B71D73907315}.Release|Any CPU.Build.0 = Release|Any CPU
		{9BE17F9D-0605-4FEA-B800-B71D73907315}.Release|x64.ActiveCfg = Release|Any CPU
		{9BE17F9D-0605-4FEA-B800-B71D73907315}.Release|x64.Build.0 = Release|Any CPU
		{9BE17F9D-0605-4FEA-B800-B71D73907315}.Release|x86.ActiveCfg = Release|Any CPU
		{9BE17F9D-0605-4FEA-B800-B71D73907315}.Release|x86.Build.0 = Release|Any CPU
		{CF5E9187-CF07-443D-AC63-6A45ED2713F8}.Debug|Any CPU.ActiveCfg = Debug|Any CPU
		{CF5E9187-CF07-443D-AC63-6A45ED2713F8}.Debug|Any CPU.Build.0 = Debug|Any CPU
		{CF5E9187-CF07-443D-AC63-6A45ED2713F8}.Debug|x64.ActiveCfg = Debug|Any CPU
		{CF5E9187-CF07-443D-AC63-6A45ED2713F8}.Debug|x64.Build.0 = Debug|Any CPU
		{CF5E9187-CF07-443D-AC63-6A45ED2713F8}.Debug|x86.ActiveCfg = Debug|Any CPU
		{CF5E9187-CF07-443D-AC63-6A45ED2713F8}.Debug|x86.Build.0 = Debug|Any CPU
		{CF5E9187-CF07-443D-AC63-6A45ED2713F8}.Release|Any CPU.ActiveCfg = Release|Any CPU
		{CF5E9187-CF07-443D-AC63-6A45ED2713F8}.Release|Any CPU.Build.0 = Release|Any CPU
		{CF5E9187-CF07-443D-AC63-6A45ED2713F8}.Release|x64.ActiveCfg = Release|Any CPU
		{CF5E9187-CF07-443D-AC63-6A45ED2713F8}.Release|x64.Build.0 = Release|Any CPU
		{CF5E9187-CF07-443D-AC63-6A45ED2713F8}.Release|x86.ActiveCfg = Release|Any CPU
		{CF5E9187-CF07-443D-AC63-6A45ED2713F8}.Release|x86.Build.0 = Release|Any CPU
	EndGlobalSection
	GlobalSection(SolutionProperties) = preSolution
		HideSolutionNode = FALSE
	EndGlobalSection
	GlobalSection(NestedProjects) = preSolution
		{0219188A-BF9A-5FA2-E2B8-26BC90111DD3} = {1861E749-A6AC-4D3D-A13D-2917355CF8B8}
		{0ECEAD53-1810-C10A-B502-49C453FB671F} = {14C09CB1-320C-46A0-97D8-C6B7ADBB9AB1}
		{11C806E9-F17E-23DF-1AE7-0FD751598066} = {30A04AB9-384A-1436-2B1E-D432033FBDDF}
		{163A0DA7-9274-FD38-9A30-163CEB87CA1C} = {86DC3BFB-09B8-4649-80EC-66537826FA39}
		{17578E65-0386-D42E-9793-8A91B0D19149} = {BFE6DE5A-0021-6193-A36A-00B992004243}
		{1861E749-A6AC-4D3D-A13D-2917355CF8B8} = {0ECEAD53-1810-C10A-B502-49C453FB671F}
		{19F1F373-D2F2-4749-D293-CBFA6DD8BB5A} = {14C09CB1-320C-46A0-97D8-C6B7ADBB9AB1}
		{1B39EA01-71A1-9067-7B1A-1D793607A5BF} = {91B5755B-1E62-2531-191D-48DBD8E2E9BA}
		{1C4915DE-3783-A9F8-8766-D1562A68A3A4} = {14C09CB1-320C-46A0-97D8-C6B7ADBB9AB1}
		{1EB9E3EF-6C1E-B1FD-F7D3-33302D1246B1} = {C8CF4F19-EFE8-4EDD-B71C-7F95D37142E9}
		{1ECC88FC-3DAC-03CB-49CF-92FCE5AC66F8} = {743F2933-655E-4B11-9BCA-5B27724B7DE2}
		{2379B9BF-70D2-8B47-B4BE-B4AD7F6354A5} = {8947452A-7BE0-C408-DA77-3CFBA3823994}
		{30A04AB9-384A-1436-2B1E-D432033FBDDF} = {1C4915DE-3783-A9F8-8766-D1562A68A3A4}
		{3C667749-5C97-A565-51E9-FF52D1AC0BE7} = {91B5755B-1E62-2531-191D-48DBD8E2E9BA}
		{3EC67D67-DF56-473E-AF25-690F609E78BA} = {0ECEAD53-1810-C10A-B502-49C453FB671F}
		{46254D36-E17B-F0A9-3CF7-84788A743368} = {A85FF4AC-334A-4AA4-B064-D98676FC7B35}
		{4690D2DF-08C4-5B48-8C7C-959E0AF28DA1} = {90C8C335-44DF-1842-2A32-39318C179058}
		{48794D92-E601-4812-8ADE-A6B9754E7949} = {CD1B5D5A-B6D1-43FC-A25E-879FA641616B}
		{488E3C0A-547F-4B75-8CB1-B1C6F65961E9} = {CD1B5D5A-B6D1-43FC-A25E-879FA641616B}
		{516113CF-3001-69AE-4CE3-FBA0BE8823AE} = {14C09CB1-320C-46A0-97D8-C6B7ADBB9AB1}
		{51A648AF-6DE1-94E6-3D40-19F9320D3D91} = {1ECC88FC-3DAC-03CB-49CF-92FCE5AC66F8}
		{5256C9C5-AD8C-4BEF-9FFB-A751B22C2286} = {CD1B5D5A-B6D1-43FC-A25E-879FA641616B}
		{5470AC1D-5254-4BD6-4AD6-FA21F229A052} = {1ECC88FC-3DAC-03CB-49CF-92FCE5AC66F8}
		{5609FC5E-6C84-721F-35C0-F5DEB3BC2FF5} = {163A0DA7-9274-FD38-9A30-163CEB87CA1C}
		{56DD6745-F632-48C3-953E-9B2880F1A52B} = {9E5A56CA-43C8-AA35-2CD1-64CE3FAE18F0}
		{5E592BFA-020A-4C93-9CD8-90AAE92A60D6} = {CD1B5D5A-B6D1-43FC-A25E-879FA641616B}
		{630D02F4-9D33-472F-B17B-72DE06B796C6} = {19F1F373-D2F2-4749-D293-CBFA6DD8BB5A}
		{6490DE42-75A7-A2FC-A01B-6A97C81EE795} = {46254D36-E17B-F0A9-3CF7-84788A743368}
		{64ACEBA2-6741-4151-AA72-3F5E1B5A12BE} = {9E5A56CA-43C8-AA35-2CD1-64CE3FAE18F0}
		{665DAD7C-277E-B99E-CBE4-AF1309D3E049} = {BF341920-9682-1D7A-C885-89CA8B6A107F}
		{66B17977-3C35-4CEC-8C0B-03E54DED2B56} = {9E5A56CA-43C8-AA35-2CD1-64CE3FAE18F0}
		{7115CC1F-AED7-93BF-79A7-BB51F9CE51D4} = {AC564DB2-47DB-12F0-5907-E89F0995326D}
		{743F2933-655E-4B11-9BCA-5B27724B7DE2} = {CD1B5D5A-B6D1-43FC-A25E-879FA641616B}
		{77C1C95A-64F8-19F9-B07D-69AE7B110013} = {C8CF4F19-EFE8-4EDD-B71C-7F95D37142E9}
		{78BBB9FF-1B16-434D-A68E-B58B2F0E47EB} = {BAD34BFD-F3E4-1894-6299-B7234D1ED676}
		{78CEB72C-CB5D-D808-C09B-F95EF2E01053} = {1ECC88FC-3DAC-03CB-49CF-92FCE5AC66F8}
		{7C678819-9365-9467-D5AD-D6ADD4270164} = {0219188A-BF9A-5FA2-E2B8-26BC90111DD3}
		{7CAD3A20-9775-C64B-7707-3C07393415E4} = {86DC3BFB-09B8-4649-80EC-66537826FA39}
		{82F2CCA9-DC52-43C3-93D1-193C8640BA62} = {CD1B5D5A-B6D1-43FC-A25E-879FA641616B}
		{86DC3BFB-09B8-4649-80EC-66537826FA39} = {BAD34BFD-F3E4-1894-6299-B7234D1ED676}
		{8947452A-7BE0-C408-DA77-3CFBA3823994} = {56DD6745-F632-48C3-953E-9B2880F1A52B}
		{89A51FA3-106F-320F-C40B-FECCB34E7EB1} = {19F1F373-D2F2-4749-D293-CBFA6DD8BB5A}
		{8BA3B99D-6804-7EB8-0B6D-0928565C541B} = {B4867B8B-1DAE-87F6-BD27-F5B78DBADD30}
		{8D01CFB6-B896-FE10-4879-00A8F8E3F732} = {C8CF4F19-EFE8-4EDD-B71C-7F95D37142E9}
		{90C8C335-44DF-1842-2A32-39318C179058} = {E8DA83EF-CE5B-5FAB-B7EF-AE38D8A05EE8}
		{91B5755B-1E62-2531-191D-48DBD8E2E9BA} = {488E3C0A-547F-4B75-8CB1-B1C6F65961E9}
		{9787F2E4-C8CA-44DA-5775-4EB62C329DE2} = {30A04AB9-384A-1436-2B1E-D432033FBDDF}
		{99D82B8E-E023-D6B7-A0BE-76A541408A33} = {BAD34BFD-F3E4-1894-6299-B7234D1ED676}
		{9BE17F9D-0605-4FEA-B800-B71D73907315} = {1C4915DE-3783-A9F8-8766-D1562A68A3A4}
		{9E5A56CA-43C8-AA35-2CD1-64CE3FAE18F0} = {14C09CB1-320C-46A0-97D8-C6B7ADBB9AB1}
		{9E78E6E1-EA7F-AF24-BF5B-E0F3A314171F} = {1EB9E3EF-6C1E-B1FD-F7D3-33302D1246B1}
		{A1FE0ACB-F8CD-631B-B1B5-41AE86E446BC} = {8BA3B99D-6804-7EB8-0B6D-0928565C541B}
		{A6F59411-1DD8-505D-F548-6EB97234A7E4} = {D7327DBB-688A-CD35-9228-840A765DA5AC}
		{A85FF4AC-334A-4AA4-B064-D98676FC7B35} = {9E5A56CA-43C8-AA35-2CD1-64CE3FAE18F0}
		{AA824AF0-2598-7D45-BFB3-FF8D05EF5723} = {EBCBD85E-0426-5F65-E83B-6DD87D70D9D6}
		{AC564DB2-47DB-12F0-5907-E89F0995326D} = {AF5A2EE5-18DE-A73C-DB83-CF72776024A6}
		{AD23D513-01A3-2F46-F0BC-A96DEF220344} = {CE388DCA-2CB6-E09D-610E-551DE5D30CE5}
		{AF5A2EE5-18DE-A73C-DB83-CF72776024A6} = {30A04AB9-384A-1436-2B1E-D432033FBDDF}
		{B1B3AD2E-418E-4687-8433-DEE096DC0B9C} = {0ECEAD53-1810-C10A-B502-49C453FB671F}
		{B2EBBFD2-9AA9-9B9E-A8D3-450ACF6131FE} = {1C4915DE-3783-A9F8-8766-D1562A68A3A4}
		{B4867B8B-1DAE-87F6-BD27-F5B78DBADD30} = {630D02F4-9D33-472F-B17B-72DE06B796C6}
		{B5DE32D6-F7F2-CF6B-D400-6681382FD3CA} = {9787F2E4-C8CA-44DA-5775-4EB62C329DE2}
		{BAD34BFD-F3E4-1894-6299-B7234D1ED676} = {14C09CB1-320C-46A0-97D8-C6B7ADBB9AB1}
		{BBC9ACF3-7518-A543-D9C1-10654DD99716} = {516113CF-3001-69AE-4CE3-FBA0BE8823AE}
		{BC9B6BBC-0299-C4FB-E46E-82706909670D} = {91B5755B-1E62-2531-191D-48DBD8E2E9BA}
		{BD3EC8CF-B172-5E36-4B57-FDC0E1B11EAC} = {D6CF6F9C-16D4-A672-0859-9B06CBB8FC1A}
		{BD7D4D63-CE6C-8E01-406D-7E79CC1A9D2A} = {BD3EC8CF-B172-5E36-4B57-FDC0E1B11EAC}
		{BF341920-9682-1D7A-C885-89CA8B6A107F} = {488E3C0A-547F-4B75-8CB1-B1C6F65961E9}
		{BFE6DE5A-0021-6193-A36A-00B992004243} = {630D02F4-9D33-472F-B17B-72DE06B796C6}
		{C6823955-164D-FD45-1CB4-28C4BDA69813} = {743F2933-655E-4B11-9BCA-5B27724B7DE2}
		{C8CF4F19-EFE8-4EDD-B71C-7F95D37142E9} = {516113CF-3001-69AE-4CE3-FBA0BE8823AE}
		{C944C4C7-058F-440D-0E1B-3D685884CBFE} = {630D02F4-9D33-472F-B17B-72DE06B796C6}
		{CAB4FC1C-7DE3-435B-8501-BD5BB1A22476} = {BAD34BFD-F3E4-1894-6299-B7234D1ED676}
		{CBF2DD64-A4A7-6686-D818-A4BD088E8A56} = {ED47689F-B435-7260-4872-D0E52582A078}
		{CE388DCA-2CB6-E09D-610E-551DE5D30CE5} = {56DD6745-F632-48C3-953E-9B2880F1A52B}
		{CF5E9187-CF07-443D-AC63-6A45ED2713F8} = {1C4915DE-3783-A9F8-8766-D1562A68A3A4}
		{D253D880-F9F4-43C9-BB36-735CA41CCB44} = {19F1F373-D2F2-4749-D293-CBFA6DD8BB5A}
		{D6CAAE35-2CFF-40A6-861B-672913F96735} = {516113CF-3001-69AE-4CE3-FBA0BE8823AE}
		{D6CF6F9C-16D4-A672-0859-9B06CBB8FC1A} = {86DC3BFB-09B8-4649-80EC-66537826FA39}
		{D7327DBB-688A-CD35-9228-840A765DA5AC} = {8D01CFB6-B896-FE10-4879-00A8F8E3F732}
		{DD613E5F-BC20-455C-866A-3BCB0D6E0E85} = {19F1F373-D2F2-4749-D293-CBFA6DD8BB5A}
		{DEF30CD8-7A93-AE9F-AF36-2BEE033DA4B3} = {2379B9BF-70D2-8B47-B4BE-B4AD7F6354A5}
		{E1C460E6-8867-557E-8674-56163A66A153} = {488E3C0A-547F-4B75-8CB1-B1C6F65961E9}
		{E3B66917-3241-3F00-5415-339B2A1F8A24} = {0ECEAD53-1810-C10A-B502-49C453FB671F}
		{E537A7D1-606F-EDCA-77F1-BF7BE6CDE770} = {7C678819-9365-9467-D5AD-D6ADD4270164}
		{E8DA83EF-CE5B-5FAB-B7EF-AE38D8A05EE8} = {488E3C0A-547F-4B75-8CB1-B1C6F65961E9}
		{E98783C2-CA76-61DD-F0D6-5563130FE9BD} = {56DD6745-F632-48C3-953E-9B2880F1A52B}
		{EBCBD85E-0426-5F65-E83B-6DD87D70D9D6} = {1861E749-A6AC-4D3D-A13D-2917355CF8B8}
		{ED47689F-B435-7260-4872-D0E52582A078} = {B2EBBFD2-9AA9-9B9E-A8D3-450ACF6131FE}
		{EDA42C77-0B6C-482F-EEE8-8F366895DB22} = {1861E749-A6AC-4D3D-A13D-2917355CF8B8}
		{EDF9D61F-1FAA-1756-31B8-5BA4B68A6585} = {91B5755B-1E62-2531-191D-48DBD8E2E9BA}
		{F777EEB3-41D9-4500-96FF-312ED9A3E940} = {516113CF-3001-69AE-4CE3-FBA0BE8823AE}
	EndGlobalSection
EndGlobal
